# THIS IS AN AUTOGENERATED FILE. DO NOT EDIT THIS FILE DIRECTLY.
# yarn lockfile v1


"@cspotcode/source-map-consumer@0.8.0":
  version "0.8.0"
  resolved "https://registry.npmjs.org/@cspotcode/source-map-consumer/-/source-map-consumer-0.8.0.tgz#33bf4b7b39c178821606f669bbc447a6a629786b"
  integrity sha512-41qniHzTU8yAGbCp04ohlmSrZf8bkf/iJsl3V0dRGsQN/5GFfx+LbCSsCpp2gqrqjTVg/K6O8ycoV35JIwAzAg==

"@cspotcode/source-map-support@0.7.0":
  version "0.7.0"
  resolved "https://registry.npmjs.org/@cspotcode/source-map-support/-/source-map-support-0.7.0.tgz#4789840aa859e46d2f3173727ab707c66bf344f5"
  integrity sha512-X4xqRHqN8ACt2aHVe51OxeA2HjbcL4MqFqXkrmQszJ1NOUuUu5u6Vqx/0lZSVNku7velL5FC/s5uEAj1lsBMhA==
  dependencies:
    "@cspotcode/source-map-consumer" "0.8.0"

"@tsconfig/node10@^1.0.7":
  version "1.0.8"
  resolved "https://registry.npmjs.org/@tsconfig/node10/-/node10-1.0.8.tgz#c1e4e80d6f964fbecb3359c43bd48b40f7cadad9"
  integrity sha512-6XFfSQmMgq0CFLY1MslA/CPUfhIL919M1rMsa5lP2P097N2Wd1sSX0tx1u4olM16fLNhtHZpRhedZJphNJqmZg==

"@tsconfig/node12@^1.0.7":
  version "1.0.9"
  resolved "https://registry.npmjs.org/@tsconfig/node12/-/node12-1.0.9.tgz#62c1f6dee2ebd9aead80dc3afa56810e58e1a04c"
  integrity sha512-/yBMcem+fbvhSREH+s14YJi18sp7J9jpuhYByADT2rypfajMZZN4WQ6zBGgBKp53NKmqI36wFYDb3yaMPurITw==

"@tsconfig/node14@^1.0.0":
  version "1.0.1"
  resolved "https://registry.npmjs.org/@tsconfig/node14/-/node14-1.0.1.tgz#95f2d167ffb9b8d2068b0b235302fafd4df711f2"
  integrity sha512-509r2+yARFfHHE7T6Puu2jjkoycftovhXRqW328PDXTVGKihlb1P8Z9mMZH04ebyajfRY7dedfGynlrFHJUQCg==

"@tsconfig/node16@^1.0.2":
  version "1.0.2"
  resolved "https://registry.npmjs.org/@tsconfig/node16/-/node16-1.0.2.tgz#423c77877d0569db20e1fc80885ac4118314010e"
  integrity sha512-eZxlbI8GZscaGS7kkc/trHTT5xgrjH3/1n2JDwusC9iahPKWMRvRjJSAN5mCXviuTGQ/lHnhvv8Q1YTpnfz9gA==

"@types/node@^16.11.11":
  version "16.11.11"
  resolved "https://registry.npmjs.org/@types/node/-/node-16.11.11.tgz#6ea7342dfb379ea1210835bada87b3c512120234"
  integrity sha512-KB0sixD67CeecHC33MYn+eYARkqTheIRNuu97y2XMjR7Wu3XibO1vaY6VBV6O/a89SPI81cEUIYT87UqUWlZNw==

acorn-walk@^8.1.1:
  version "8.2.0"
  resolved "https://registry.npmjs.org/acorn-walk/-/acorn-walk-8.2.0.tgz#741210f2e2426454508853a2f44d0ab83b7f69c1"
  integrity sha512-k+iyHEuPgSw6SbuDpGQM+06HQUa04DZ3o+F6CSzXMvvI5KMvnaEqXe+YVe555R9nn6GPt404fos4wcgpw12SDA==

acorn@^8.4.1:
  version "8.6.0"
  resolved "https://registry.npmjs.org/acorn/-/acorn-8.6.0.tgz#e3692ba0eb1a0c83eaa4f37f5fa7368dd7142895"
  integrity sha512-U1riIR+lBSNi3IbxtaHOIKdH8sLFv3NYfNv8sg7ZsNhcfl4HF2++BfqqrNAxoCLQW1iiylOj76ecnaUxz+z9yw==

arg@^4.1.0:
  version "4.1.3"
  resolved "https://registry.npmjs.org/arg/-/arg-4.1.3.tgz#269fc7ad5b8e42cb63c896d5666017261c144089"
  integrity sha512-58S9QDqG0Xx27YwPSt9fJxivjYl432YCwfDMfZ+71RAqUrZef7LrKQZ3LHLOwCS4FLNBplP533Zx895SeOCHvA==

commander@^8.3.0:
  version "8.3.0"
  resolved "https://registry.npmjs.org/commander/-/commander-8.3.0.tgz#4837ea1b2da67b9c616a67afbb0fafee567bca66"
  integrity sha512-OkTL9umf+He2DZkUq8f8J9of7yL6RJKI24dVITBmNfZBmri9zYZQrKkuXiKhyfPSu8tUhnVBB1iKXevvnlR4Ww==

create-require@^1.1.0:
  version "1.1.1"
  resolved "https://registry.npmjs.org/create-require/-/create-require-1.1.1.tgz#c1d7e8f1e5f6cfc9ff65f9cd352d37348756c333"
  integrity sha512-dcKFX3jn0MpIaXjisoRvexIJVEKzaq7z2rZKxf+MSr9TkdmHmsU4m2lcLojrj/FHl8mk5VxMmYA+ftRkP/3oKQ==

diff@^4.0.1:
  version "4.0.2"
  resolved "https://registry.npmjs.org/diff/-/diff-4.0.2.tgz#60f3aecb89d5fae520c11aa19efc2bb982aade7d"
  integrity sha512-58lmxKSA4BNyLz+HHMUzlOEpg09FV+ev6ZMe3vJihgdxzgcwZ8VoEEPmALCZG9LmqfVoNMMKpttIYTVG6uDY7A==

esbuild-android-arm64@0.14.1:
  version "0.14.1"
  resolved "https://registry.npmjs.org/esbuild-android-arm64/-/esbuild-android-arm64-0.14.1.tgz#470b99c1c4b49f33fd0a20ed153b15008173fd63"
  integrity sha512-elQd3hTg93nU2GQ5PPCDAFe5+utxZX96RG8RixqIPxf8pzmyIzcpKG76L/9FabPf3LT1z+nLF1sajCU8eVRDyg==

esbuild-darwin-64@0.14.1:
  version "0.14.1"
  resolved "https://registry.npmjs.org/esbuild-darwin-64/-/esbuild-darwin-64-0.14.1.tgz#135f48f299f2ce3eb3ca1b1f3ec03d81108ab79e"
  integrity sha512-PR3HZgbPRwsQbbOR1fJrfkt/Cs0JDyI3yzOKg2PPWk0H1AseZDBqPUY9b/0+BIjFwA5Jz/aAiq832hppsuJtNw==

esbuild-darwin-arm64@0.14.1:
  version "0.14.1"
  resolved "https://registry.npmjs.org/esbuild-darwin-arm64/-/esbuild-darwin-arm64-0.14.1.tgz#7117a857bac99ece28ebba859a47dce47f565f9f"
  integrity sha512-/fiSSOkOEa3co6yYtwgXouz8jZrG0qnXPEKiktFf2BQE8NON3ARTw43ZegaH+xMRFNgYBJEOOZIdzI3sIFEAxw==

esbuild-freebsd-64@0.14.1:
  version "0.14.1"
  resolved "https://registry.npmjs.org/esbuild-freebsd-64/-/esbuild-freebsd-64-0.14.1.tgz#2b7ca5ec572f2800b1ec88988affc4482c5ac4b7"
  integrity sha512-ZJV+nfa8E8PdXnRc05PO3YMfgSj7Ko+kdHyGDE6OaNo1cO8ZyfacqLaWkY35shDDaeacklhD8ZR4qq5nbJKX1A==

esbuild-freebsd-arm64@0.14.1:
  version "0.14.1"
  resolved "https://registry.npmjs.org/esbuild-freebsd-arm64/-/esbuild-freebsd-arm64-0.14.1.tgz#63e8b77643ea8270d878cfab7dd9201a114f20fb"
  integrity sha512-6N9zTD+SecJr2g9Ohl9C10WIk5FpQ+52bNamRy0sJoHwP31G5ObzKzq8jAtg1Jeggpu6P8auz3P/UL+3YioSwQ==

esbuild-linux-32@0.14.1:
  version "0.14.1"
  resolved "https://registry.npmjs.org/esbuild-linux-32/-/esbuild-linux-32-0.14.1.tgz#f00ae7f12d2abc0dc37e2a7e7c7c29764da87093"
  integrity sha512-RtPgE6e7WefbAxRjVryisKFJ0nUwR2DMjwmYW/a1a0F1+Ge6FR+RqvgiY0DrM9TtxSUU0eryDXNF4n3UfxX3mg==

esbuild-linux-64@0.14.1:
  version "0.14.1"
  resolved "https://registry.npmjs.org/esbuild-linux-64/-/esbuild-linux-64-0.14.1.tgz#2ee9dd76be1185abb1e967052e3b6ab16a1d3da4"
  integrity sha512-JpxM0ar6Z+2v3vfFrxP7bFb8Wzb6gcGL9MxRqAJplDfGnee8HbfPge6svaazXeX9XJceeEqwxwWGB0qyCcxo7A==

esbuild-linux-arm64@0.14.1:
  version "0.14.1"
  resolved "https://registry.npmjs.org/esbuild-linux-arm64/-/esbuild-linux-arm64-0.14.1.tgz#601e855b78e0636e120771296b43eb4f7d68a314"
  integrity sha512-cFbeZf171bIf+PPLlQDBzagK85lCCxxVdMV1IVUA96Y3kvEgqcy2n9mha+QE1M/T+lIOPDsmLRgH1XqMFwLTSg==

esbuild-linux-arm@0.14.1:
  version "0.14.1"
  resolved "https://registry.npmjs.org/esbuild-linux-arm/-/esbuild-linux-arm-0.14.1.tgz#c0d364a20f12a653bdd2f41436788b99502dc287"
  integrity sha512-eBRHexCijAYWzcvQLGHxyxIlYOkYhXvcb/O7HvzJfCAVWCnTx9TxxYJ3UppBC6dDFbAq4HwKhskvmesQdKMeBg==

esbuild-linux-mips64le@0.14.1:
  version "0.14.1"
  resolved "https://registry.npmjs.org/esbuild-linux-mips64le/-/esbuild-linux-mips64le-0.14.1.tgz#a5f6e9c6e7950a3fad08bb3653bc3f5d71b4e249"
  integrity sha512-UGb+sqHkL7wOQFLH0RoFhcRAlJNqbqs6GtJd1It5jJ2juOGqAkCv8V12aGDX9oRB6a+Om7cdHcH+6AMZ+qlaww==

esbuild-linux-ppc64le@0.14.1:
  version "0.14.1"
  resolved "https://registry.npmjs.org/esbuild-linux-ppc64le/-/esbuild-linux-ppc64le-0.14.1.tgz#762cec24cf5afeee3f805a4679a3f5e29702173a"
  integrity sha512-LIHGkGdy9wYlmkkoVHm6feWhkoi4VBXDiEVyNjXEhlzsBcP/CaRy+B8IJulzaU1ALLiGcsCQ2MC5UbFn/iTvmA==

esbuild-netbsd-64@0.14.1:
  version "0.14.1"
  resolved "https://registry.npmjs.org/esbuild-netbsd-64/-/esbuild-netbsd-64-0.14.1.tgz#66ec7ac0b3eeb84f8c1ac27eecf16f59d93706a8"
  integrity sha512-TWc1QIgtPwaK5nC1GT2ASTuy/CJhNKHN4h5PJRP1186VfI+k2uvXakS7bqO/M26F6jAMy8jDeCtilacqpwsvfA==

esbuild-node-externals@^1.4.0:
  version "1.4.0"
  resolved "https://registry.npmjs.org/esbuild-node-externals/-/esbuild-node-externals-1.4.0.tgz#960890c326ae0b959dcd493e84d9c1eff38b3bb2"
  integrity sha512-blz9ksGOSABtNkwhw6WvPlTL3dhUP7CNjA0HFBW2JXvIRn+WGEGT+rbC6X4y6DNE87EeDwgGT4gXkAfGYMNRXg==
  dependencies:
    find-up "5.0.0"
    tslib "2.3.1"

esbuild-openbsd-64@0.14.1:
  version "0.14.1"
  resolved "https://registry.npmjs.org/esbuild-openbsd-64/-/esbuild-openbsd-64-0.14.1.tgz#7515049bc7032ca2fb6811dc260f5ec9e1d9fe65"
  integrity sha512-Z9/Zb77K+pK9s7mAsvwS56K8tCbLvNZ9UI4QVJSYqDgOmmDJOBT4owWnCqZ5cJI+2y4/F9KwCpFFTNUdPglPKA==

esbuild-sunos-64@0.14.1:
  version "0.14.1"
  resolved "https://registry.npmjs.org/esbuild-sunos-64/-/esbuild-sunos-64-0.14.1.tgz#795f6bc7ce8c5177afb65f8d6c161a02f0c3e125"
  integrity sha512-c4sF8146kNW8529wfkB6vO0ZqPgokyS2hORqKa4p/QKZdp+xrF2NPmvX5aN+Zt14oe6wVZuhYo6LGv7V4Gg04g==

esbuild-windows-32@0.14.1:
  version "0.14.1"
  resolved "https://registry.npmjs.org/esbuild-windows-32/-/esbuild-windows-32-0.14.1.tgz#ffffa6378733eeaa23ed5cfe539e2fbe1e635ef6"
  integrity sha512-XP8yElaJtLGGjH7D72t5IWtP0jmc1Jqm4IjQARB17l0LTJO/n+N2X64rDWePJv6qimYxa5p2vTjkZc5v+YZTSQ==

esbuild-windows-64@0.14.1:
  version "0.14.1"
  resolved "https://registry.npmjs.org/esbuild-windows-64/-/esbuild-windows-64-0.14.1.tgz#46f3b4a90f937a8ad6456cd70478ebfc6771814f"
  integrity sha512-fe+ShdyfiuGcCEdVKW//6MaM4MwikiWBWSBn8mebNAbjRqicH0injDOFVI7aUovAfrEt7+FGkf402s//hi0BVg==

esbuild-windows-arm64@0.14.1:
  version "0.14.1"
  resolved "https://registry.npmjs.org/esbuild-windows-arm64/-/esbuild-windows-arm64-0.14.1.tgz#c7067389d28139e6a18db1996178c3a3e07a22b3"
  integrity sha512-wBVakhcIzQ3NZ33DFM6TjIObXPHaXOsqzvPwefXHvwBSC/N/e/g6fBeM7N/Moj3AmxLjKaB+vePvTGdxk6RPCg==

esbuild@^0.14.1:
  version "0.14.1"
  resolved "https://registry.npmjs.org/esbuild/-/esbuild-0.14.1.tgz#b834da3aa5858073205a6d4f948ffde0d650e4e3"
  integrity sha512-J/LhUwELcmz0+CJfiaKzu7Rnj9ffWFLvMx+dKvdOfg+fQmoP6q9glla26LCm9BxpnPUjXChHeubLiMlKab/PYg==
  optionalDependencies:
    esbuild-android-arm64 "0.14.1"
    esbuild-darwin-64 "0.14.1"
    esbuild-darwin-arm64 "0.14.1"
    esbuild-freebsd-64 "0.14.1"
    esbuild-freebsd-arm64 "0.14.1"
    esbuild-linux-32 "0.14.1"
    esbuild-linux-64 "0.14.1"
    esbuild-linux-arm "0.14.1"
    esbuild-linux-arm64 "0.14.1"
    esbuild-linux-mips64le "0.14.1"
    esbuild-linux-ppc64le "0.14.1"
    esbuild-netbsd-64 "0.14.1"
    esbuild-openbsd-64 "0.14.1"
    esbuild-sunos-64 "0.14.1"
    esbuild-windows-32 "0.14.1"
    esbuild-windows-64 "0.14.1"
    esbuild-windows-arm64 "0.14.1"

find-up@5.0.0:
  version "5.0.0"
  resolved "https://registry.npmjs.org/find-up/-/find-up-5.0.0.tgz#4c92819ecb7083561e4f4a240a86be5198f536fc"
  integrity sha512-78/PXT1wlLLDgTzDs7sjq9hzz0vXD+zn+7wypEe4fXQxCmdmqfGsEPQxmiCSQI3ajFV91bVSsvNtrJRiW6nGng==
  dependencies:
    locate-path "^6.0.0"
    path-exists "^4.0.0"

locate-path@^6.0.0:
  version "6.0.0"
  resolved "https://registry.npmjs.org/locate-path/-/locate-path-6.0.0.tgz#55321eb309febbc59c4801d931a72452a681d286"
  integrity sha512-iPZK6eYjbxRu3uB4/WZ3EsEIMJFMqAoopl3R+zuq0UjcAm/MO6KCweDgPfP3elTztoKP3KtnVHxTn2NHBSDVUw==
  dependencies:
    p-locate "^5.0.0"

make-error@^1.1.1:
  version "1.3.6"
  resolved "https://registry.npmjs.org/make-error/-/make-error-1.3.6.tgz#2eb2e37ea9b67c4891f684a1394799af484cf7a2"
  integrity sha512-s8UhlNe7vPKomQhC1qFelMokr/Sc3AgNbso3n74mVPA5LTZwkB9NlXf4XPamLxJE8h0gh73rM94xvwRT2CVInw==

p-limit@^3.0.2:
  version "3.1.0"
  resolved "https://registry.npmjs.org/p-limit/-/p-limit-3.1.0.tgz#e1daccbe78d0d1388ca18c64fea38e3e57e3706b"
  integrity sha512-TYOanM3wGwNGsZN2cVTYPArw454xnXj5qmWF1bEoAc4+cU/ol7GVh7odevjp1FNHduHc3KZMcFduxU5Xc6uJRQ==
  dependencies:
    yocto-queue "^0.1.0"

p-locate@^5.0.0:
  version "5.0.0"
  resolved "https://registry.npmjs.org/p-locate/-/p-locate-5.0.0.tgz#83c8315c6785005e3bd021839411c9e110e6d834"
  integrity sha512-LaNjtRWUBY++zB5nE/NwcaoMylSPk+S+ZHNB1TzdbMJMny6dynpAGt7X/tl/QYq3TIeE6nxHppbo2LGymrG5Pw==
  dependencies:
    p-limit "^3.0.2"

path-exists@^4.0.0:
  version "4.0.0"
  resolved "https://registry.npmjs.org/path-exists/-/path-exists-4.0.0.tgz#513bdbe2d3b95d7762e8c1137efa195c6c61b5b3"
  integrity sha512-ak9Qy5Q7jYb2Wwcey5Fpvg2KoAc/ZIhLSLOSBmRmygPsGwkVVt0fZa0qrtMz+m6tJTAHfZQ8FnmB4MG4LWy7/w==

please-upgrade-node@^3.2.0:
  version "3.2.0"
  resolved "https://registry.npmjs.org/please-upgrade-node/-/please-upgrade-node-3.2.0.tgz#aeddd3f994c933e4ad98b99d9a556efa0e2fe942"
  integrity sha512-gQR3WpIgNIKwBMVLkpMUeR3e1/E1y42bqDQZfql+kDeXd8COYfM8PQA4X6y7a8u9Ua9FHmsrrmirW2vHs45hWg==
  dependencies:
    semver-compare "^1.0.0"

semver-compare@^1.0.0:
  version "1.0.0"
  resolved "https://registry.npmjs.org/semver-compare/-/semver-compare-1.0.0.tgz#0dee216a1c941ab37e9efb1788f6afc5ff5537fc"
  integrity sha1-De4hahyUGrN+nvsXiPavxf9VN/w=

ts-node@^10.4.0:
  version "10.4.0"
  resolved "https://registry.npmjs.org/ts-node/-/ts-node-10.4.0.tgz#680f88945885f4e6cf450e7f0d6223dd404895f7"
  integrity sha512-g0FlPvvCXSIO1JDF6S232P5jPYqBkRL9qly81ZgAOSU7rwI0stphCgd2kLiCrU9DjQCrJMWEqcNSjQL02s6d8A==
  dependencies:
    "@cspotcode/source-map-support" "0.7.0"
    "@tsconfig/node10" "^1.0.7"
    "@tsconfig/node12" "^1.0.7"
    "@tsconfig/node14" "^1.0.0"
    "@tsconfig/node16" "^1.0.2"
    acorn "^8.4.1"
    acorn-walk "^8.1.1"
    arg "^4.1.0"
    create-require "^1.1.0"
    diff "^4.0.1"
    make-error "^1.1.1"
    yn "3.1.1"

tslib@2.3.1:
  version "2.3.1"
  resolved "https://registry.npmjs.org/tslib/-/tslib-2.3.1.tgz#e8a335add5ceae51aa261d32a490158ef042ef01"
  integrity sha512-77EbyPPpMz+FRFRuAFlWMtmgUWGe9UOG2Z25NqCwiIjRhOf5iKGuzSe5P2w1laq+FkRy4p+PCuVkJSGkzTEKVw==

typescript@^4.5.2:
  version "4.5.2"
  resolved "https://registry.npmjs.org/typescript/-/typescript-4.5.2.tgz#8ac1fba9f52256fdb06fb89e4122fa6a346c2998"
  integrity sha512-5BlMof9H1yGt0P8/WF+wPNw6GfctgGjXp5hkblpyT+8rkASSmkUKMXrxR0Xg8ThVCi/JnHQiKXeBaEwCeQwMFw==

yn@3.1.1:
  version "3.1.1"
  resolved "https://registry.npmjs.org/yn/-/yn-3.1.1.tgz#1e87401a09d767c1d5eab26a6e4c185182d2eb50"
  integrity sha512-Ux4ygGWsu2c7isFWe8Yu1YluJmqVhxqK2cLXNQA5AcC3QfbGNpM7fu0Y8b/z16pXLnFxZYvWhd3fhBY9DLmC6Q==

yocto-queue@^0.1.0:
  version "0.1.0"
  resolved "https://registry.npmjs.org/yocto-queue/-/yocto-queue-0.1.0.tgz#0294eb3dee05028d31ee1a5fa2c556a6aaf10a1b"
  integrity sha512-rVksvsnNCdJ/ohGc6xgPwyN8eheCxsiLM8mxuE/t/mOVqJewPuO1miLpTHQiRgTKCLexL4MeAFVagts7HmNZ2Q==
